// !$*UTF8*$!
{
	archiveVersion = 1;
	classes = {
	};
	objectVersion = 48;
	objects = {

/* Begin PBXBuildFile section */
		2BB6B79920423D8D0008F23A /* AppDelegate.swift in Sources */ = {isa = PBXBuildFile; fileRef = 2BB6B79820423D8D0008F23A /* AppDelegate.swift */; };
		2BB6B7A020423D8D0008F23A /* Assets.xcassets in Resources */ = {isa = PBXBuildFile; fileRef = 2BB6B79F20423D8D0008F23A /* Assets.xcassets */; };
		2BB6B7A320423D8D0008F23A /* LaunchScreen.storyboard in Resources */ = {isa = PBXBuildFile; fileRef = 2BB6B7A120423D8D0008F23A /* LaunchScreen.storyboard */; };
		2BB6B7AE204249FE0008F23A /* RootRouter.swift in Sources */ = {isa = PBXBuildFile; fileRef = 2BB6B7AA204249FE0008F23A /* RootRouter.swift */; };
		2BB6B7AF204249FE0008F23A /* RootViewController.swift in Sources */ = {isa = PBXBuildFile; fileRef = 2BB6B7AB204249FE0008F23A /* RootViewController.swift */; };
		2BB6B7B0204249FE0008F23A /* RootBuilder.swift in Sources */ = {isa = PBXBuildFile; fileRef = 2BB6B7AC204249FE0008F23A /* RootBuilder.swift */; };
		2BB6B7B1204249FE0008F23A /* RootInteractor.swift in Sources */ = {isa = PBXBuildFile; fileRef = 2BB6B7AD204249FE0008F23A /* RootInteractor.swift */; };
		2BB6B7B520424B570008F23A /* AppComponent.swift in Sources */ = {isa = PBXBuildFile; fileRef = 2BB6B7B420424B570008F23A /* AppComponent.swift */; };
		2BB6B7BB204251010008F23A /* LoggedOutRouter.swift in Sources */ = {isa = PBXBuildFile; fileRef = 2BB6B7B7204251010008F23A /* LoggedOutRouter.swift */; };
		2BB6B7BC204251010008F23A /* LoggedOutViewController.swift in Sources */ = {isa = PBXBuildFile; fileRef = 2BB6B7B8204251010008F23A /* LoggedOutViewController.swift */; };
		2BB6B7BD204251010008F23A /* LoggedOutBuilder.swift in Sources */ = {isa = PBXBuildFile; fileRef = 2BB6B7B9204251010008F23A /* LoggedOutBuilder.swift */; };
		2BB6B7BE204251010008F23A /* LoggedOutInteractor.swift in Sources */ = {isa = PBXBuildFile; fileRef = 2BB6B7BA204251010008F23A /* LoggedOutInteractor.swift */; };
		2BB6B7C0204252DC0008F23A /* RootComponent+LoggedOut.swift in Sources */ = {isa = PBXBuildFile; fileRef = 2BB6B7BF204252DC0008F23A /* RootComponent+LoggedOut.swift */; };
		2BB6B7C22042550B0008F23A /* RootViewController.xib in Resources */ = {isa = PBXBuildFile; fileRef = 2BB6B7C12042550B0008F23A /* RootViewController.xib */; };
		7F6795A73E508ECEC9B924F7 /* Pods_Sample.framework in Frameworks */ = {isa = PBXBuildFile; fileRef = 0AEB5F2C2D91843551DDF2BD /* Pods_Sample.framework */; };
/* End PBXBuildFile section */

/* Begin PBXFileReference section */
		0AEB5F2C2D91843551DDF2BD /* Pods_Sample.framework */ = {isa = PBXFileReference; explicitFileType = wrapper.framework; includeInIndex = 0; path = Pods_Sample.framework; sourceTree = BUILT_PRODUCTS_DIR; };
		2BB6B79520423D8D0008F23A /* Sample.app */ = {isa = PBXFileReference; explicitFileType = wrapper.application; includeInIndex = 0; path = Sample.app; sourceTree = BUILT_PRODUCTS_DIR; };
		2BB6B79820423D8D0008F23A /* AppDelegate.swift */ = {isa = PBXFileReference; lastKnownFileType = sourcecode.swift; path = AppDelegate.swift; sourceTree = "<group>"; };
		2BB6B79F20423D8D0008F23A /* Assets.xcassets */ = {isa = PBXFileReference; lastKnownFileType = folder.assetcatalog; path = Assets.xcassets; sourceTree = "<group>"; };
		2BB6B7A220423D8D0008F23A /* Base */ = {isa = PBXFileReference; lastKnownFileType = file.storyboard; name = Base; path = Base.lproj/LaunchScreen.storyboard; sourceTree = "<group>"; };
		2BB6B7A420423D8D0008F23A /* Info.plist */ = {isa = PBXFileReference; lastKnownFileType = text.plist.xml; path = Info.plist; sourceTree = "<group>"; };
		2BB6B7AA204249FE0008F23A /* RootRouter.swift */ = {isa = PBXFileReference; lastKnownFileType = sourcecode.swift; path = RootRouter.swift; sourceTree = "<group>"; };
		2BB6B7AB204249FE0008F23A /* RootViewController.swift */ = {isa = PBXFileReference; lastKnownFileType = sourcecode.swift; path = RootViewController.swift; sourceTree = "<group>"; };
		2BB6B7AC204249FE0008F23A /* RootBuilder.swift */ = {isa = PBXFileReference; lastKnownFileType = sourcecode.swift; path = RootBuilder.swift; sourceTree = "<group>"; };
		2BB6B7AD204249FE0008F23A /* RootInteractor.swift */ = {isa = PBXFileReference; lastKnownFileType = sourcecode.swift; path = RootInteractor.swift; sourceTree = "<group>"; };
		2BB6B7B420424B570008F23A /* AppComponent.swift */ = {isa = PBXFileReference; lastKnownFileType = sourcecode.swift; path = AppComponent.swift; sourceTree = "<group>"; };
		2BB6B7B7204251010008F23A /* LoggedOutRouter.swift */ = {isa = PBXFileReference; lastKnownFileType = sourcecode.swift; path = LoggedOutRouter.swift; sourceTree = "<group>"; };
		2BB6B7B8204251010008F23A /* LoggedOutViewController.swift */ = {isa = PBXFileReference; lastKnownFileType = sourcecode.swift; path = LoggedOutViewController.swift; sourceTree = "<group>"; };
		2BB6B7B9204251010008F23A /* LoggedOutBuilder.swift */ = {isa = PBXFileReference; lastKnownFileType = sourcecode.swift; path = LoggedOutBuilder.swift; sourceTree = "<group>"; };
		2BB6B7BA204251010008F23A /* LoggedOutInteractor.swift */ = {isa = PBXFileReference; lastKnownFileType = sourcecode.swift; path = LoggedOutInteractor.swift; sourceTree = "<group>"; };
		2BB6B7BF204252DC0008F23A /* RootComponent+LoggedOut.swift */ = {isa = PBXFileReference; lastKnownFileType = sourcecode.swift; path = "RootComponent+LoggedOut.swift"; sourceTree = "<group>"; };
		2BB6B7C12042550B0008F23A /* RootViewController.xib */ = {isa = PBXFileReference; lastKnownFileType = file.xib; path = RootViewController.xib; sourceTree = "<group>"; };
		6EB7BFA60895E26425595431 /* Pods-Sample.debug.xcconfig */ = {isa = PBXFileReference; includeInIndex = 1; lastKnownFileType = text.xcconfig; name = "Pods-Sample.debug.xcconfig"; path = "Pods/Target Support Files/Pods-Sample/Pods-Sample.debug.xcconfig"; sourceTree = "<group>"; };
		FFD95F8AF47C0D48B04BA295 /* Pods-Sample.release.xcconfig */ = {isa = PBXFileReference; includeInIndex = 1; lastKnownFileType = text.xcconfig; name = "Pods-Sample.release.xcconfig"; path = "Pods/Target Support Files/Pods-Sample/Pods-Sample.release.xcconfig"; sourceTree = "<group>"; };
/* End PBXFileReference section */

/* Begin PBXFrameworksBuildPhase section */
		2BB6B79220423D8D0008F23A /* Frameworks */ = {
			isa = PBXFrameworksBuildPhase;
			buildActionMask = 2147483647;
			files = (
				7F6795A73E508ECEC9B924F7 /* Pods_Sample.framework in Frameworks */,
			);
			runOnlyForDeploymentPostprocessing = 0;
		};
/* End PBXFrameworksBuildPhase section */

/* Begin PBXGroup section */
		2BB6B78C20423D8D0008F23A = {
			isa = PBXGroup;
			children = (
				2BB6B79720423D8D0008F23A /* Sample */,
				2BB6B79620423D8D0008F23A /* Products */,
				9013A5DFE48A1F8AE2E5EBB3 /* Pods */,
				F4B97D393B6046032E265B29 /* Frameworks */,
			);
			sourceTree = "<group>";
		};
		2BB6B79620423D8D0008F23A /* Products */ = {
			isa = PBXGroup;
			children = (
				2BB6B79520423D8D0008F23A /* Sample.app */,
			);
			name = Products;
			sourceTree = "<group>";
		};
		2BB6B79720423D8D0008F23A /* Sample */ = {
			isa = PBXGroup;
			children = (
				2BB6B7B320424AD00008F23A /* AppStart */,
				2BB6B7B220424A040008F23A /* Root */,
				2BB6B7B6204250E10008F23A /* LoggedOut */,
				2BB6B79F20423D8D0008F23A /* Assets.xcassets */,
				2BB6B7A120423D8D0008F23A /* LaunchScreen.storyboard */,
				2BB6B7A420423D8D0008F23A /* Info.plist */,
			);
			path = Sample;
			sourceTree = "<group>";
		};
		2BB6B7B220424A040008F23A /* Root */ = {
			isa = PBXGroup;
			children = (
				2BB6B7AA204249FE0008F23A /* RootRouter.swift */,
				2BB6B7AB204249FE0008F23A /* RootViewController.swift */,
				2BB6B7C12042550B0008F23A /* RootViewController.xib */,
				2BB6B7AC204249FE0008F23A /* RootBuilder.swift */,
				2BB6B7AD204249FE0008F23A /* RootInteractor.swift */,
				2BB6B7BF204252DC0008F23A /* RootComponent+LoggedOut.swift */,
			);
			path = Root;
			sourceTree = "<group>";
		};
		2BB6B7B320424AD00008F23A /* AppStart */ = {
			isa = PBXGroup;
			children = (
				2BB6B79820423D8D0008F23A /* AppDelegate.swift */,
				2BB6B7B420424B570008F23A /* AppComponent.swift */,
			);
			path = AppStart;
			sourceTree = "<group>";
		};
		2BB6B7B6204250E10008F23A /* LoggedOut */ = {
			isa = PBXGroup;
			children = (
				2BB6B7B7204251010008F23A /* LoggedOutRouter.swift */,
				2BB6B7B8204251010008F23A /* LoggedOutViewController.swift */,
				2BB6B7B9204251010008F23A /* LoggedOutBuilder.swift */,
				2BB6B7BA204251010008F23A /* LoggedOutInteractor.swift */,
			);
			path = LoggedOut;
			sourceTree = "<group>";
		};
		9013A5DFE48A1F8AE2E5EBB3 /* Pods */ = {
			isa = PBXGroup;
			children = (
				6EB7BFA60895E26425595431 /* Pods-Sample.debug.xcconfig */,
				FFD95F8AF47C0D48B04BA295 /* Pods-Sample.release.xcconfig */,
			);
			name = Pods;
			sourceTree = "<group>";
		};
		F4B97D393B6046032E265B29 /* Frameworks */ = {
			isa = PBXGroup;
			children = (
				0AEB5F2C2D91843551DDF2BD /* Pods_Sample.framework */,
			);
			name = Frameworks;
			sourceTree = "<group>";
		};
/* End PBXGroup section */

/* Begin PBXNativeTarget section */
		2BB6B79420423D8D0008F23A /* Sample */ = {
			isa = PBXNativeTarget;
			buildConfigurationList = 2BB6B7A720423D8D0008F23A /* Build configuration list for PBXNativeTarget "Sample" */;
			buildPhases = (
				1A4A2EA044081F8E37084BC5 /* [CP] Check Pods Manifest.lock */,
				2BB6B79120423D8D0008F23A /* Sources */,
				2BB6B79220423D8D0008F23A /* Frameworks */,
				2BB6B79320423D8D0008F23A /* Resources */,
				766D7F0C102ECAE8BBF3F378 /* [CP] Embed Pods Frameworks */,
				D5BEEB2AED0997B646D0069C /* [CP] Copy Pods Resources */,
			);
			buildRules = (
			);
			dependencies = (
			);
			name = Sample;
			productName = Sample;
			productReference = 2BB6B79520423D8D0008F23A /* Sample.app */;
			productType = "com.apple.product-type.application";
		};
/* End PBXNativeTarget section */

/* Begin PBXProject section */
		2BB6B78D20423D8D0008F23A /* Project object */ = {
			isa = PBXProject;
			attributes = {
				LastSwiftUpdateCheck = 0920;
				LastUpgradeCheck = 0920;
				ORGANIZATIONNAME = jarinosuke;
				TargetAttributes = {
					2BB6B79420423D8D0008F23A = {
						CreatedOnToolsVersion = 9.2;
						ProvisioningStyle = Automatic;
					};
				};
			};
			buildConfigurationList = 2BB6B79020423D8D0008F23A /* Build configuration list for PBXProject "Sample" */;
			compatibilityVersion = "Xcode 8.0";
			developmentRegion = en;
			hasScannedForEncodings = 0;
			knownRegions = (
				en,
				Base,
			);
			mainGroup = 2BB6B78C20423D8D0008F23A;
			productRefGroup = 2BB6B79620423D8D0008F23A /* Products */;
			projectDirPath = "";
			projectRoot = "";
			targets = (
				2BB6B79420423D8D0008F23A /* Sample */,
			);
		};
/* End PBXProject section */

/* Begin PBXResourcesBuildPhase section */
		2BB6B79320423D8D0008F23A /* Resources */ = {
			isa = PBXResourcesBuildPhase;
			buildActionMask = 2147483647;
			files = (
				2BB6B7A320423D8D0008F23A /* LaunchScreen.storyboard in Resources */,
				2BB6B7A020423D8D0008F23A /* Assets.xcassets in Resources */,
				2BB6B7C22042550B0008F23A /* RootViewController.xib in Resources */,
			);
			runOnlyForDeploymentPostprocessing = 0;
		};
/* End PBXResourcesBuildPhase section */

/* Begin PBXShellScriptBuildPhase section */
		1A4A2EA044081F8E37084BC5 /* [CP] Check Pods Manifest.lock */ = {
			isa = PBXShellScriptBuildPhase;
			buildActionMask = 2147483647;
			files = (
			);
			inputPaths = (
			);
			name = "[CP] Check Pods Manifest.lock";
			outputPaths = (
			);
			runOnlyForDeploymentPostprocessing = 0;
			shellPath = /bin/sh;
			shellScript = "diff \"${PODS_ROOT}/../Podfile.lock\" \"${PODS_ROOT}/Manifest.lock\" > /dev/null\nif [[ $? != 0 ]] ; then\n    cat << EOM\nerror: The sandbox is not in sync with the Podfile.lock. Run 'pod install' or update your CocoaPods installation.\nEOM\n    exit 1\nfi\n";
			showEnvVarsInLog = 0;
		};
		766D7F0C102ECAE8BBF3F378 /* [CP] Embed Pods Frameworks */ = {
			isa = PBXShellScriptBuildPhase;
			buildActionMask = 2147483647;
			files = (
			);
			inputPaths = (
			);
			name = "[CP] Embed Pods Frameworks";
			outputPaths = (
			);
			runOnlyForDeploymentPostprocessing = 0;
			shellPath = /bin/sh;
			shellScript = "\"${SRCROOT}/Pods/Target Support Files/Pods-Sample/Pods-Sample-frameworks.sh\"\n";
			showEnvVarsInLog = 0;
		};
		D5BEEB2AED0997B646D0069C /* [CP] Copy Pods Resources */ = {
			isa = PBXShellScriptBuildPhase;
			buildActionMask = 2147483647;
			files = (
			);
			inputPaths = (
			);
			name = "[CP] Copy Pods Resources";
			outputPaths = (
			);
			runOnlyForDeploymentPostprocessing = 0;
			shellPath = /bin/sh;
			shellScript = "\"${SRCROOT}/Pods/Target Support Files/Pods-Sample/Pods-Sample-resources.sh\"\n";
			showEnvVarsInLog = 0;
		};
/* End PBXShellScriptBuildPhase section */

/* Begin PBXSourcesBuildPhase section */
		2BB6B79120423D8D0008F23A /* Sources */ = {
			isa = PBXSourcesBuildPhase;
			buildActionMask = 2147483647;
			files = (
				2BB6B7B1204249FE0008F23A /* RootInteractor.swift in Sources */,
				2BB6B7BC204251010008F23A /* LoggedOutViewController.swift in Sources */,
				2BB6B7B520424B570008F23A /* AppComponent.swift in Sources */,
				2BB6B7AE204249FE0008F23A /* RootRouter.swift in Sources */,
				2BB6B7B0204249FE0008F23A /* RootBuilder.swift in Sources */,
				2BB6B7BB204251010008F23A /* LoggedOutRouter.swift in Sources */,
				2BB6B7AF204249FE0008F23A /* RootViewController.swift in Sources */,
				2BB6B7BE204251010008F23A /* LoggedOutInteractor.swift in Sources */,
				2BB6B79920423D8D0008F23A /* AppDelegate.swift in Sources */,
				2BB6B7C0204252DC0008F23A /* RootComponent+LoggedOut.swift in Sources */,
				2BB6B7BD204251010008F23A /* LoggedOutBuilder.swift in Sources */,
			);
			runOnlyForDeploymentPostprocessing = 0;
		};
/* End PBXSourcesBuildPhase section */

/* Begin PBXVariantGroup section */
		2BB6B7A120423D8D0008F23A /* LaunchScreen.storyboard */ = {
			isa = PBXVariantGroup;
			children = (
				2BB6B7A220423D8D0008F23A /* Base */,
			);
			name = LaunchScreen.storyboard;
			sourceTree = "<group>";
		};
/* End PBXVariantGroup section */

/* Begin XCBuildConfiguration section */
		2BB6B7A520423D8D0008F23A /* Debug */ = {
			isa = XCBuildConfiguration;
			buildSettings = {
				ALWAYS_SEARCH_USER_PATHS = NO;
				CLANG_ANALYZER_NONNULL = YES;
				CLANG_ANALYZER_NUMBER_OBJECT_CONVERSION = YES_AGGRESSIVE;
				CLANG_CXX_LANGUAGE_STANDARD = "gnu++14";
				CLANG_CXX_LIBRARY = "libc++";
				CLANG_ENABLE_MODULES = YES;
				CLANG_ENABLE_OBJC_ARC = YES;
				CLANG_WARN_BLOCK_CAPTURE_AUTORELEASING = YES;
				CLANG_WARN_BOOL_CONVERSION = YES;
				CLANG_WARN_COMMA = YES;
				CLANG_WARN_CONSTANT_CONVERSION = YES;
				CLANG_WARN_DIRECT_OBJC_ISA_USAGE = YES_ERROR;
				CLANG_WARN_DOCUMENTATION_COMMENTS = YES;
				CLANG_WARN_EMPTY_BODY = YES;
				CLANG_WARN_ENUM_CONVERSION = YES;
				CLANG_WARN_INFINITE_RECURSION = YES;
				CLANG_WARN_INT_CONVERSION = YES;
				CLANG_WARN_NON_LITERAL_NULL_CONVERSION = YES;
				CLANG_WARN_OBJC_LITERAL_CONVERSION = YES;
				CLANG_WARN_OBJC_ROOT_CLASS = YES_ERROR;
				CLANG_WARN_RANGE_LOOP_ANALYSIS = YES;
				CLANG_WARN_STRICT_PROTOTYPES = YES;
				CLANG_WARN_SUSPICIOUS_MOVE = YES;
				CLANG_WARN_UNGUARDED_AVAILABILITY = YES_AGGRESSIVE;
				CLANG_WARN_UNREACHABLE_CODE = YES;
				CLANG_WARN__DUPLICATE_METHOD_MATCH = YES;
				CODE_SIGN_IDENTITY = "iPhone Developer";
				COPY_PHASE_STRIP = NO;
				DEBUG_INFORMATION_FORMAT = dwarf;
				ENABLE_STRICT_OBJC_MSGSEND = YES;
				ENABLE_TESTABILITY = YES;
				GCC_C_LANGUAGE_STANDARD = gnu11;
				GCC_DYNAMIC_NO_PIC = NO;
				GCC_NO_COMMON_BLOCKS = YES;
				GCC_OPTIMIZATION_LEVEL = 0;
				GCC_PREPROCESSOR_DEFINITIONS = (
					"DEBUG=1",
					"$(inherited)",
				);
				GCC_WARN_64_TO_32_BIT_CONVERSION = YES;
				GCC_WARN_ABOUT_RETURN_TYPE = YES_ERROR;
				GCC_WARN_UNDECLARED_SELECTOR = YES;
				GCC_WARN_UNINITIALIZED_AUTOS = YES_AGGRESSIVE;
				GCC_WARN_UNUSED_FUNCTION = YES;
				GCC_WARN_UNUSED_VARIABLE = YES;
				IPHONEOS_DEPLOYMENT_TARGET = 11.2;
				MTL_ENABLE_DEBUG_INFO = YES;
				ONLY_ACTIVE_ARCH = YES;
				SDKROOT = iphoneos;
				SWIFT_ACTIVE_COMPILATION_CONDITIONS = DEBUG;
				SWIFT_OPTIMIZATION_LEVEL = "-Onone";
			};
			name = Debug;
		};
		2BB6B7A620423D8D0008F23A /* Release */ = {
			isa = XCBuildConfiguration;
			buildSettings = {
				ALWAYS_SEARCH_USER_PATHS = NO;
				CLANG_ANALYZER_NONNULL = YES;
				CLANG_ANALYZER_NUMBER_OBJECT_CONVERSION = YES_AGGRESSIVE;
				CLANG_CXX_LANGUAGE_STANDARD = "gnu++14";
				CLANG_CXX_LIBRARY = "libc++";
				CLANG_ENABLE_MODULES = YES;
				CLANG_ENABLE_OBJC_ARC = YES;
				CLANG_WARN_BLOCK_CAPTURE_AUTORELEASING = YES;
				CLANG_WARN_BOOL_CONVERSION = YES;
				CLANG_WARN_COMMA = YES;
				CLANG_WARN_CONSTANT_CONVERSION = YES;
				CLANG_WARN_DIRECT_OBJC_ISA_USAGE = YES_ERROR;
				CLANG_WARN_DOCUMENTATION_COMMENTS = YES;
				CLANG_WARN_EMPTY_BODY = YES;
				CLANG_WARN_ENUM_CONVERSION = YES;
				CLANG_WARN_INFINITE_RECURSION = YES;
				CLANG_WARN_INT_CONVERSION = YES;
				CLANG_WARN_NON_LITERAL_NULL_CONVERSION = YES;
				CLANG_WARN_OBJC_LITERAL_CONVERSION = YES;
				CLANG_WARN_OBJC_ROOT_CLASS = YES_ERROR;
				CLANG_WARN_RANGE_LOOP_ANALYSIS = YES;
				CLANG_WARN_STRICT_PROTOTYPES = YES;
				CLANG_WARN_SUSPICIOUS_MOVE = YES;
				CLANG_WARN_UNGUARDED_AVAILABILITY = YES_AGGRESSIVE;
				CLANG_WARN_UNREACHABLE_CODE = YES;
				CLANG_WARN__DUPLICATE_METHOD_MATCH = YES;
				CODE_SIGN_IDENTITY = "iPhone Developer";
				COPY_PHASE_STRIP = NO;
				DEBUG_INFORMATION_FORMAT = "dwarf-with-dsym";
				ENABLE_NS_ASSERTIONS = NO;
				ENABLE_STRICT_OBJC_MSGSEND = YES;
				GCC_C_LANGUAGE_STANDARD = gnu11;
				GCC_NO_COMMON_BLOCKS = YES;
				GCC_WARN_64_TO_32_BIT_CONVERSION = YES;
				GCC_WARN_ABOUT_RETURN_TYPE = YES_ERROR;
				GCC_WARN_UNDECLARED_SELECTOR = YES;
				GCC_WARN_UNINITIALIZED_AUTOS = YES_AGGRESSIVE;
				GCC_WARN_UNUSED_FUNCTION = YES;
				GCC_WARN_UNUSED_VARIABLE = YES;
				IPHONEOS_DEPLOYMENT_TARGET = 11.2;
				MTL_ENABLE_DEBUG_INFO = NO;
				SDKROOT = iphoneos;
				SWIFT_OPTIMIZATION_LEVEL = "-Owholemodule";
				VALIDATE_PRODUCT = YES;
			};
			name = Release;
		};
		2BB6B7A820423D8D0008F23A /* Debug */ = {
			isa = XCBuildConfiguration;
			baseConfigurationReference = 6EB7BFA60895E26425595431 /* Pods-Sample.debug.xcconfig */;
			buildSettings = {
				ASSETCATALOG_COMPILER_APPICON_NAME = AppIcon;
				CODE_SIGN_STYLE = Automatic;
				INFOPLIST_FILE = Sample/Info.plist;
				LD_RUNPATH_SEARCH_PATHS = "$(inherited) @executable_path/Frameworks";
				PRODUCT_BUNDLE_IDENTIFIER = com.jarinosuke.Sample;
				PRODUCT_NAME = "$(TARGET_NAME)";
				SWIFT_VERSION = 4.0;
				TARGETED_DEVICE_FAMILY = "1,2";
			};
			name = Debug;
		};
		2BB6B7A920423D8D0008F23A /* Release */ = {
			isa = XCBuildConfiguration;
			baseConfigurationReference = FFD95F8AF47C0D48B04BA295 /* Pods-Sample.release.xcconfig */;
			buildSettings = {
				ASSETCATALOG_COMPILER_APPICON_NAME = AppIcon;
				CODE_SIGN_STYLE = Automatic;
				INFOPLIST_FILE = Sample/Info.plist;
				LD_RUNPATH_SEARCH_PATHS = "$(inherited) @executable_path/Frameworks";
				PRODUCT_BUNDLE_IDENTIFIER = com.jarinosuke.Sample;
				PRODUCT_NAME = "$(TARGET_NAME)";
				SWIFT_VERSION = 4.0;
				TARGETED_DEVICE_FAMILY = "1,2";
			};
			name = Release;
		};
/* End XCBuildConfiguration section */

/* Begin XCConfigurationList section */
		2BB6B79020423D8D0008F23A /* Build configuration list for PBXProject "Sample" */ = {
			isa = XCConfigurationList;
			buildConfigurations = (
				2BB6B7A520423D8D0008F23A /* Debug */,
				2BB6B7A620423D8D0008F23A /* Release */,
			);
			defaultConfigurationIsVisible = 0;
			defaultConfigurationName = Release;
		};
		2BB6B7A720423D8D0008F23A /* Build configuration list for PBXNativeTarget "Sample" */ = {
			isa = XCConfigurationList;
			buildConfigurations = (
				2BB6B7A820423D8D0008F23A /* Debug */,
				2BB6B7A920423D8D0008F23A /* Release */,
			);
			defaultConfigurationIsVisible = 0;
			defaultConfigurationName = Release;
		};
/* End XCConfigurationList section */
	};
	rootObject = 2BB6B78D20423D8D0008F23A /* Project object */;
}
